
Microsoft Visual Studio Solution File, Format Version 12.00
# Visual Studio 15
VisualStudioVersion = 15.0.27130.2010
MinimumVisualStudioVersion = 10.0.40219.1
Project("{FAE04EC0-301F-11D3-BF4B-00C04F79EFBC}") = "KvtClient", "KvtClient\KvtClient.csproj", "{2596E891-690B-4A3A-91FB-5C53DD46E030}"
EndProject
Global
	GlobalSection(SolutionConfigurationPlatforms) = preSolution
		Debug|Any CPU = Debug|Any CPU
		Release|Any CPU = Release|Any CPU
	EndGlobalSection
	GlobalSection(ProjectConfigurationPlatforms) = postSolution
		{2596E891-690B-4A3A-91FB-5C53DD46E030}.Debug|Any CPU.ActiveCfg = Debug|Any CPU
		{2596E891-690B-4A3A-91FB-5C53DD46E030}.Debug|Any CPU.Build.0 = Debug|Any CPU
		{2596E891-690B-4A3A-91FB-5C53DD46E030}.Release|Any CPU.ActiveCfg = Release|Any CPU
		{2596E891-690B-4A3A-91FB-5C53DD46E030}.Release|Any CPU.Build.0 = Release|Any CPU
	EndGlobalSection
	GlobalSection(SolutionProperties) = preSolution
		HideSolutionNode = FALSE
	EndGlobalSection
	GlobalSection(ExtensibilityGlobals) = postSolution
		SolutionGuid = {3C719BB0-F493-4992-8F96-A40A6734D978}
	EndGlobalSection
EndGlobal
